
Microsoft Visual Studio Solution File, Format Version 10.00
# Visual Studio 2008
Project("{8BC9CEB8-8B4A-11D0-8D11-00A0C91BC942}") = "dropreason", "dropreason.vcproj", "{B3E797CF-4E77-4C9D-B8A8-7589B6902206}"
EndProject
Global
	GlobalSection(SolutionConfigurationPlatforms) = preSolution
		Debug - CS GO|Win32 = Debug - CS GO|Win32
		Release - CS GO|Win32 = Release - CS GO|Win32
	EndGlobalSection
	GlobalSection(ProjectConfigurationPlatforms) = postSolution
		{B3E797CF-4E77-4C9D-B8A8-7589B6902206}.Debug - CS GO|Win32.ActiveCfg = Debug - CS GO|Win32
		{B3E797CF-4E77-4C9D-B8A8-7589B6902206}.Debug - CS GO|Win32.Build.0 = Debug - CS GO|Win32
		{B3E797CF-4E77-4C9D-B8A8-7589B6902206}.Release - CS GO|Win32.ActiveCfg = Release - CS GO|Win32
		{B3E797CF-4E77-4C9D-B8A8-7589B6902206}.Release - CS GO|Win32.Build.0 = Release - CS GO|Win32
	EndGlobalSection
	GlobalSection(SolutionProperties) = preSolution
		HideSolutionNode = FALSE
	EndGlobalSection
EndGlobal
